<?xml version="1.0" encoding="utf-8"?>
<Project ToolsVersion="4.0" xmlns="http://schemas.microsoft.com/developer/msbuild/2003">
  <ItemGroup>
    <Filter Include="Header Files">
      <UniqueIdentifier>{93995380-89BD-4b04-88EB-625FBE52EBFB}</UniqueIdentifier>
      <Extensions>h;hh;hpp;hxx;h++;hm;inl;inc;ipp;xsd</Extensions>
    </Filter>
    <Filter Include="Resource Files">
      <UniqueIdentifier>{67DA6AB6-F800-4c08-8B7A-83BB121AAD01}</UniqueIdentifier>
      <Extensions>rc;ico;cur;bmp;dlg;rc2;rct;bin;rgs;gif;jpg;jpeg;jpe;resx;tiff;tif;png;wav;mfcribbon-ms</Extensions>
    </Filter>
    <Filter Include="Source Files">
      <UniqueIdentifier>{45f0855b-c493-4b00-b170-314f39f68fe0}</UniqueIdentifier>
    </Filter>
  </ItemGroup>
  <ItemGroup>
    <ClInclude Include="z80emu.h">
      <Filter>Header Files</Filter>
    </ClInclude>
    <ClInclude Include="pins.h">
      <Filter>Header Files</Filter>
    </ClInclude>
    <ClInclude Include="registers.h">
      <Filter>Header Files</Filter>
    </ClInclude>
    <ClInclude Include="cycle.h">
      <Filter>Header Files</Filter>
    </ClInclude>
    <ClInclude Include="instr_decoder.h">
      <Filter>Header Files</Filter>
    </ClInclude>
  </ItemGroup>
  <ItemGroup>
    <ClCompile Include="z80emu.cpp">
      <Filter>Source Files</Filter>
    </ClCompile>
    <ClCompile Include="cycle.cpp">
      <Filter>Source Files</Filter>
    </ClCompile>
    <ClCompile Include="fetch_cycle.cpp">
      <Filter>Source Files</Filter>
    </ClCompile>
    <ClCompile Include="rw_cycle_base.cpp">
      <Filter>Source Files</Filter>
    </ClCompile>
    <ClCompile Include="mem_cycle.cpp">
      <Filter>Source Files</Filter>
    </ClCompile>
    <ClCompile Include="io_cycle.cpp">
      <Filter>Source Files</Filter>
    </ClCompile>
    <ClCompile Include="bogus_cycle.cpp">
      <Filter>Source Files</Filter>
    </ClCompile>
    <ClCompile Include="instr_decoder.cpp">
      <Filter>Source Files</Filter>
    </ClCompile>
    <ClCompile Include="instr_main_q1.cpp">
      <Filter>Source Files</Filter>
    </ClCompile>
    <ClCompile Include="instr_main_q2.cpp">
      <Filter>Source Files</Filter>
    </ClCompile>
    <ClCompile Include="instr_main_q0.cpp">
      <Filter>Source Files</Filter>
    </ClCompile>
    <ClCompile Include="instr_main_q3.cpp">
      <Filter>Source Files</Filter>
    </ClCompile>
    <ClCompile Include="intack_cycle.cpp">
      <Filter>Source Files</Filter>
    </ClCompile>
    <ClCompile Include="instr_ed_q1.cpp">
      <Filter>Source Files</Filter>
    </ClCompile>
    <ClCompile Include="instr_ed_q2.cpp">
      <Filter>Source Files</Filter>
    </ClCompile>
    <ClCompile Include="instr_cb.cpp">
      <Filter>Source Files</Filter>
    </ClCompile>
  </ItemGroup>
  <ItemGroup>
    <Text Include="CMakeLists.txt" />
  </ItemGroup>
</Project>